# THIS IS AN AUTOGENERATED FILE. DO NOT EDIT THIS FILE DIRECTLY.
# yarn lockfile v1


"@bower_components/chai-jquery@chaijs/chai-jquery#~1.2.2":
  version "1.2.3"
  resolved "https://codeload.github.com/chaijs/chai-jquery/tar.gz/5d94617cf003702ebc4cfe9ed99515a42de5d773"

"@bower_components/chai@chaijs/chai#~1.8.0":
  version "1.8.1"
  resolved "https://codeload.github.com/chaijs/chai/tar.gz/4b51ea75484eae9225a4330d267f5e231f208ed0"
  dependencies:
    assertion-error "1.0.0"
    deep-eql "0.1.3"

"@bower_components/fixtures@badunk/js-fixtures#~1.5.3":
  version "1.5.3"
  resolved "https://codeload.github.com/badunk/js-fixtures/tar.gz/85b62cc69bb31e858c2bbbb81bb020dacc8a44cc"
  dependencies:
    mocha "~1.17.1"

"@bower_components/jquery@jquery/jquery-dist#~2.1.1":
  version "2.1.4"
  resolved "https://codeload.github.com/jquery/jquery-dist/tar.gz/7751e69b615c6eca6f783a81e292a55725af6b85"

"@bower_components/mocha@mochajs/mocha#~1.14.0":
  version "1.13.0"
  resolved "https://codeload.github.com/mochajs/mocha/tar.gz/08151f2144b777fb0b4d3b8329b165d2edcb2859"
  dependencies:
    commander "2.0.0"
    debug "*"
    diff "1.0.7"
    glob "3.2.3"
    growl "1.7.x"
    jade "0.26.3"
    mkdirp "0.3.5"

"@bower_components/sinon-chai@domenic/sinon-chai#~2.5.0":
  version "2.5.0"
  resolved "https://codeload.github.com/domenic/sinon-chai/tar.gz/0c4b229ce05d1930df07b79a2ddf8e8fe9e006c6"

"@bower_components/sinon@sinonjs/sinon#~1.10.2":
  version "1.10.3"
  resolved "https://codeload.github.com/sinonjs/sinon/tar.gz/29abd353a037adaaea697b93729be2ff164101eb"
  dependencies:
    formatio "~1.0"
    util ">=0.10.3 <1"

assertion-error@1.0.0:
  version "1.0.0"
  resolved "https://registry.yarnpkg.com/assertion-error/-/assertion-error-1.0.0.tgz#c7f85438fdd466bc7ca16ab90c81513797a5d23b"

commander@0.6.1:
  version "0.6.1"
  resolved "https://registry.yarnpkg.com/commander/-/commander-0.6.1.tgz#fa68a14f6a945d54dbbe50d8cdb3320e9e3b1a06"

commander@2.0.0:
  version "2.0.0"
  resolved "https://registry.yarnpkg.com/commander/-/commander-2.0.0.tgz#d1b86f901f8b64bd941bdeadaf924530393be928"

debug@*:
  version "3.1.0"
  resolved "https://registry.yarnpkg.com/debug/-/debug-3.1.0.tgz#5bb5a0672628b64149566ba16819e61518c67261"
  dependencies:
    ms "2.0.0"

deep-eql@0.1.3:
  version "0.1.3"
  resolved "https://registry.yarnpkg.com/deep-eql/-/deep-eql-0.1.3.tgz#ef558acab8de25206cd713906d74e56930eb69f2"
  dependencies:
    type-detect "0.1.1"

diff@1.0.7:
  version "1.0.7"
  resolved "https://registry.yarnpkg.com/diff/-/diff-1.0.7.tgz#24bbb001c4a7d5522169e7cabdb2c2814ed91cf4"

formatio@~1.0:
  version "1.0.2"
  resolved "https://registry.yarnpkg.com/formatio/-/formatio-1.0.2.tgz#e7991ca144ff7d8cff07bb9ac86a9b79c6ba47ef"
  dependencies:
    samsam "~1.1"

glob@3.2.3:
  version "3.2.3"
  resolved "https://registry.yarnpkg.com/glob/-/glob-3.2.3.tgz#e313eeb249c7affaa5c475286b0e115b59839467"
  dependencies:
    graceful-fs "~2.0.0"
    inherits "2"
    minimatch "~0.2.11"

graceful-fs@~2.0.0:
  version "2.0.3"
  resolved "https://registry.yarnpkg.com/graceful-fs/-/graceful-fs-2.0.3.tgz#7cd2cdb228a4a3f36e95efa6cc142de7d1a136d0"

growl@1.7.x:
  version "1.7.0"
  resolved "https://registry.yarnpkg.com/growl/-/growl-1.7.0.tgz#de2d66136d002e112ba70f3f10c31cf7c350b2da"

inherits@2, inherits@2.0.3:
  version "2.0.3"
  resolved "https://registry.yarnpkg.com/inherits/-/inherits-2.0.3.tgz#633c2c83e3da42a502f52466022480f4208261de"

jade@0.26.3:
  version "0.26.3"
  resolved "https://registry.yarnpkg.com/jade/-/jade-0.26.3.tgz#8f10d7977d8d79f2f6ff862a81b0513ccb25686c"
  dependencies:
    commander "0.6.1"
    mkdirp "0.3.0"

lru-cache@2:
  version "2.7.3"
  resolved "https://registry.yarnpkg.com/lru-cache/-/lru-cache-2.7.3.tgz#6d4524e8b955f95d4f5b58851ce21dd72fb4e952"

minimatch@~0.2.11:
  version "0.2.14"
  resolved "https://registry.yarnpkg.com/minimatch/-/minimatch-0.2.14.tgz#c74e780574f63c6f9a090e90efbe6ef53a6a756a"
  dependencies:
    lru-cache "2"
    sigmund "~1.0.0"

mkdirp@0.3.0:
  version "0.3.0"
  resolved "https://registry.yarnpkg.com/mkdirp/-/mkdirp-0.3.0.tgz#1bbf5ab1ba827af23575143490426455f481fe1e"

mkdirp@0.3.5:
  version "0.3.5"
  resolved "https://registry.yarnpkg.com/mkdirp/-/mkdirp-0.3.5.tgz#de3e5f8961c88c787ee1368df849ac4413eca8d7"

mocha@~1.17.1:
  version "1.17.1"
  resolved "https://registry.yarnpkg.com/mocha/-/mocha-1.17.1.tgz#7f7671d68526d074b7bae660c9099f87e0ea1ccb"
  dependencies:
    commander "2.0.0"
    debug "*"
    diff "1.0.7"
    glob "3.2.3"
    growl "1.7.x"
    jade "0.26.3"
    mkdirp "0.3.5"

ms@2.0.0:
  version "2.0.0"
  resolved "https://registry.yarnpkg.com/ms/-/ms-2.0.0.tgz#5608aeadfc00be6c2901df5f9861788de0d597c8"

samsam@~1.1:
  version "1.1.3"
  resolved "https://registry.yarnpkg.com/samsam/-/samsam-1.1.3.tgz#9f5087419b4d091f232571e7fa52e90b0f552621"

sigmund@~1.0.0:
  version "1.0.1"
  resolved "https://registry.yarnpkg.com/sigmund/-/sigmund-1.0.1.tgz#3ff21f198cad2175f9f3b781853fd94d0d19b590"

type-detect@0.1.1:
  version "0.1.1"
  resolved "https://registry.yarnpkg.com/type-detect/-/type-detect-0.1.1.tgz#0ba5ec2a885640e470ea4e8505971900dac58822"

"util@>=0.10.3 <1":
  version "0.11.0"
  resolved "https://registry.yarnpkg.com/util/-/util-0.11.0.tgz#c5f391beb244103d799b21077a926fef8769e1fb"
  dependencies:
    inherits "2.0.3"
